
Microsoft Visual Studio Solution File, Format Version 12.00
# Visual Studio Version 17
VisualStudioVersion = 17.1.32414.318
MinimumVisualStudioVersion = 10.0.40219.1
Project("{FAE04EC0-301F-11D3-BF4B-00C04F79EFBC}") = "NightVision", "NightVision\NightVision.csproj", "{1F991ADB-4A32-4E39-9FC5-1B9FC80384EF}"
EndProject
Global
	GlobalSection(SolutionConfigurationPlatforms) = preSolution
		Debug|Any CPU = Debug|Any CPU
		Release|Any CPU = Release|Any CPU
	EndGlobalSection
	GlobalSection(ProjectConfigurationPlatforms) = postSolution
		{1F991ADB-4A32-4E39-9FC5-1B9FC80384EF}.Debug|Any CPU.ActiveCfg = Debug|Any CPU
		{1F991ADB-4A32-4E39-9FC5-1B9FC80384EF}.Debug|Any CPU.Build.0 = Debug|Any CPU
		{1F991ADB-4A32-4E39-9FC5-1B9FC80384EF}.Release|Any CPU.ActiveCfg = Release|Any CPU
		{1F991ADB-4A32-4E39-9FC5-1B9FC80384EF}.Release|Any CPU.Build.0 = Release|Any CPU
	EndGlobalSection
	GlobalSection(SolutionProperties) = preSolution
		HideSolutionNode = FALSE
	EndGlobalSection
	GlobalSection(ExtensibilityGlobals) = postSolution
		SolutionGuid = {0EAABBAE-9BFB-4D55-AE96-50A08F9670C1}
	EndGlobalSection
EndGlobal
