
Microsoft Visual Studio Solution File, Format Version 12.00
# Visual Studio Version 17
VisualStudioVersion = 17.8.34408.163
MinimumVisualStudioVersion = 10.0.40219.1
Project("{FAE04EC0-301F-11D3-BF4B-00C04F79EFBC}") = "Mods", "Mods\Mods.csproj", "{C497B4A9-5B28-4914-B0B8-2EF7C0A9556A}"
EndProject
Project("{2150E333-8FDC-42A3-9474-1A3956D46DE8}") = "Solution Items", "Solution Items", "{8F89C00C-C7A7-4951-9306-0E0EFFB5F7D6}"
	ProjectSection(SolutionItems) = preProject
		Mods\Helpers\Helpers.cs = Mods\Helpers\Helpers.cs
	EndProjectSection
EndProject
Global
	GlobalSection(SolutionConfigurationPlatforms) = preSolution
		Debug|Any CPU = Debug|Any CPU
		Release|Any CPU = Release|Any CPU
	EndGlobalSection
	GlobalSection(ProjectConfigurationPlatforms) = postSolution
		{C497B4A9-5B28-4914-B0B8-2EF7C0A9556A}.Debug|Any CPU.ActiveCfg = Debug|Any CPU
		{C497B4A9-5B28-4914-B0B8-2EF7C0A9556A}.Debug|Any CPU.Build.0 = Debug|Any CPU
		{C497B4A9-5B28-4914-B0B8-2EF7C0A9556A}.Release|Any CPU.ActiveCfg = Release|Any CPU
		{C497B4A9-5B28-4914-B0B8-2EF7C0A9556A}.Release|Any CPU.Build.0 = Release|Any CPU
	EndGlobalSection
	GlobalSection(SolutionProperties) = preSolution
		HideSolutionNode = FALSE
	EndGlobalSection
	GlobalSection(ExtensibilityGlobals) = postSolution
		SolutionGuid = {3D98232F-941C-47BD-877C-0590DC80C1C5}
	EndGlobalSection
EndGlobal
