
Microsoft Visual Studio Solution File, Format Version 12.00
# Visual Studio Version 17
VisualStudioVersion = 17.10.35013.160
MinimumVisualStudioVersion = 10.0.40219.1
Project("{9A19103F-16F7-4668-BE54-9A1E7A4F7556}") = "SCMP", "SCMP.csproj", "{C497CD2F-3771-4D6D-B527-F9BB2F81B78F}"
EndProject
Project("{FAE04EC0-301F-11D3-BF4B-00C04F79EFBC}") = "Server", "..\Server\Server.csproj", "{46329081-3C01-44C6-A676-E915C40E5CB0}"
EndProject
Global
	GlobalSection(SolutionConfigurationPlatforms) = preSolution
		Debug|Any CPU = Debug|Any CPU
		Release|Any CPU = Release|Any CPU
		SCMPDebug|Any CPU = SCMPDebug|Any CPU
		SCMPRelease|Any CPU = SCMPRelease|Any CPU
		ServerDebug|Any CPU = ServerDebug|Any CPU
		ServerRelease|Any CPU = ServerRelease|Any CPU
	EndGlobalSection
	GlobalSection(ProjectConfigurationPlatforms) = postSolution
		{C497CD2F-3771-4D6D-B527-F9BB2F81B78F}.Debug|Any CPU.ActiveCfg = Debug|Any CPU
		{C497CD2F-3771-4D6D-B527-F9BB2F81B78F}.Debug|Any CPU.Build.0 = Debug|Any CPU
		{C497CD2F-3771-4D6D-B527-F9BB2F81B78F}.Release|Any CPU.ActiveCfg = Release|Any CPU
		{C497CD2F-3771-4D6D-B527-F9BB2F81B78F}.Release|Any CPU.Build.0 = Release|Any CPU
		{C497CD2F-3771-4D6D-B527-F9BB2F81B78F}.SCMPDebug|Any CPU.ActiveCfg = Debug|Any CPU
		{C497CD2F-3771-4D6D-B527-F9BB2F81B78F}.SCMPDebug|Any CPU.Build.0 = Debug|Any CPU
		{C497CD2F-3771-4D6D-B527-F9BB2F81B78F}.SCMPRelease|Any CPU.ActiveCfg = Release|Any CPU
		{C497CD2F-3771-4D6D-B527-F9BB2F81B78F}.SCMPRelease|Any CPU.Build.0 = Release|Any CPU
		{C497CD2F-3771-4D6D-B527-F9BB2F81B78F}.ServerDebug|Any CPU.ActiveCfg = ServerDebug|Any CPU
		{C497CD2F-3771-4D6D-B527-F9BB2F81B78F}.ServerRelease|Any CPU.ActiveCfg = ServerRelease|Any CPU
		{46329081-3C01-44C6-A676-E915C40E5CB0}.Debug|Any CPU.ActiveCfg = Debug|Any CPU
		{46329081-3C01-44C6-A676-E915C40E5CB0}.Debug|Any CPU.Build.0 = Debug|Any CPU
		{46329081-3C01-44C6-A676-E915C40E5CB0}.Release|Any CPU.ActiveCfg = Release|Any CPU
		{46329081-3C01-44C6-A676-E915C40E5CB0}.Release|Any CPU.Build.0 = Release|Any CPU
		{46329081-3C01-44C6-A676-E915C40E5CB0}.SCMPDebug|Any CPU.ActiveCfg = ServerDebug|Any CPU
		{46329081-3C01-44C6-A676-E915C40E5CB0}.SCMPRelease|Any CPU.ActiveCfg = ServerRelease|Any CPU
		{46329081-3C01-44C6-A676-E915C40E5CB0}.ServerDebug|Any CPU.ActiveCfg = Debug|Any CPU
		{46329081-3C01-44C6-A676-E915C40E5CB0}.ServerDebug|Any CPU.Build.0 = Debug|Any CPU
		{46329081-3C01-44C6-A676-E915C40E5CB0}.ServerRelease|Any CPU.ActiveCfg = Release|Any CPU
		{46329081-3C01-44C6-A676-E915C40E5CB0}.ServerRelease|Any CPU.Build.0 = Release|Any CPU
	EndGlobalSection
	GlobalSection(SolutionProperties) = preSolution
		HideSolutionNode = FALSE
	EndGlobalSection
	GlobalSection(ExtensibilityGlobals) = postSolution
		SolutionGuid = {01CAC255-79F4-4DAC-A746-5F1D10C80387}
	EndGlobalSection
EndGlobal
